// !$*UTF8*$!
{
	archiveVersion = 1;
	classes = {
	};
	objectVersion = 46;
	objects = {

/* Begin PBXBuildFile section */
		14638D5F1575AED700D2CB4B /* 11-clock.png in Resources */ = {isa = PBXBuildFile; fileRef = 14638D5E1575AED700D2CB4B /* 11-clock.png */; };
		14638D611575AEEF00D2CB4B /* 103-map.png in Resources */ = {isa = PBXBuildFile; fileRef = 14638D601575AEEF00D2CB4B /* 103-map.png */; };
		14B5FC111575A671004DCC53 /* UIKit.framework in Frameworks */ = {isa = PBXBuildFile; fileRef = 14B5FC101575A671004DCC53 /* UIKit.framework */; };
		14B5FC131575A671004DCC53 /* Foundation.framework in Frameworks */ = {isa = PBXBuildFile; fileRef = 14B5FC121575A671004DCC53 /* Foundation.framework */; };
		14B5FC151575A671004DCC53 /* CoreGraphics.framework in Frameworks */ = {isa = PBXBuildFile; fileRef = 14B5FC141575A671004DCC53 /* CoreGraphics.framework */; };
		14B5FC1B1575A671004DCC53 /* InfoPlist.strings in Resources */ = {isa = PBXBuildFile; fileRef = 14B5FC191575A671004DCC53 /* InfoPlist.strings */; };
		14B5FC1D1575A671004DCC53 /* main.m in Sources */ = {isa = PBXBuildFile; fileRef = 14B5FC1C1575A671004DCC53 /* main.m */; };
		14B5FC211575A671004DCC53 /* TopPlacesAppDelegate.m in Sources */ = {isa = PBXBuildFile; fileRef = 14B5FC201575A671004DCC53 /* TopPlacesAppDelegate.m */; };
		14B5FC241575A671004DCC53 /* iPhone.storyboard in Resources */ = {isa = PBXBuildFile; fileRef = 14B5FC221575A671004DCC53 /* iPhone.storyboard */; };
		14B5FC271575A671004DCC53 /* iPad.storyboard in Resources */ = {isa = PBXBuildFile; fileRef = 14B5FC251575A671004DCC53 /* iPad.storyboard */; };
		D12A1BD4157659150084064B /* TopPlacesTableViewController.m in Sources */ = {isa = PBXBuildFile; fileRef = D12A1BD3157659150084064B /* TopPlacesTableViewController.m */; };
		D12A1BD71576597D0084064B /* RecentTableViewController.m in Sources */ = {isa = PBXBuildFile; fileRef = D12A1BD61576597D0084064B /* RecentTableViewController.m */; };
		D12A1BD8157661160084064B /* FlickrFetcher.m in Sources */ = {isa = PBXBuildFile; fileRef = 14638D641575AF4E00D2CB4B /* FlickrFetcher.m */; };
		D12A1BEB157678E50084064B /* PlacePhotosTableViewController.m in Sources */ = {isa = PBXBuildFile; fileRef = D12A1BEA157678E50084064B /* PlacePhotosTableViewController.m */; };
		D12A1BF61576B0560084064B /* FlickrPhotoViewController.m in Sources */ = {isa = PBXBuildFile; fileRef = D12A1BF51576B0560084064B /* FlickrPhotoViewController.m */; };
/* End PBXBuildFile section */

/* Begin PBXFileReference section */
		14638D5E1575AED700D2CB4B /* 11-clock.png */ = {isa = PBXFileReference; lastKnownFileType = image.png; path = "11-clock.png"; sourceTree = "<group>"; };
		14638D601575AEEF00D2CB4B /* 103-map.png */ = {isa = PBXFileReference; lastKnownFileType = image.png; path = "103-map.png"; sourceTree = "<group>"; };
		14638D621575AF4E00D2CB4B /* FlickrAPIKey.h */ = {isa = PBXFileReference; lastKnownFileType = sourcecode.c.h; path = FlickrAPIKey.h; sourceTree = "<group>"; };
		14638D631575AF4E00D2CB4B /* FlickrFetcher.h */ = {isa = PBXFileReference; lastKnownFileType = sourcecode.c.h; path = FlickrFetcher.h; sourceTree = "<group>"; };
		14638D641575AF4E00D2CB4B /* FlickrFetcher.m */ = {isa = PBXFileReference; lastKnownFileType = sourcecode.c.objc; path = FlickrFetcher.m; sourceTree = "<group>"; };
		14B5FC0C1575A671004DCC53 /* Top Places.app */ = {isa = PBXFileReference; explicitFileType = wrapper.application; includeInIndex = 0; path = "Top Places.app"; sourceTree = BUILT_PRODUCTS_DIR; };
		14B5FC101575A671004DCC53 /* UIKit.framework */ = {isa = PBXFileReference; lastKnownFileType = wrapper.framework; name = UIKit.framework; path = System/Library/Frameworks/UIKit.framework; sourceTree = SDKROOT; };
		14B5FC121575A671004DCC53 /* Foundation.framework */ = {isa = PBXFileReference; lastKnownFileType = wrapper.framework; name = Foundation.framework; path = System/Library/Frameworks/Foundation.framework; sourceTree = SDKROOT; };
		14B5FC141575A671004DCC53 /* CoreGraphics.framework */ = {isa = PBXFileReference; lastKnownFileType = wrapper.framework; name = CoreGraphics.framework; path = System/Library/Frameworks/CoreGraphics.framework; sourceTree = SDKROOT; };
		14B5FC181575A671004DCC53 /* Top Places-Info.plist */ = {isa = PBXFileReference; lastKnownFileType = text.plist.xml; path = "Top Places-Info.plist"; sourceTree = "<group>"; };
		14B5FC1A1575A671004DCC53 /* en */ = {isa = PBXFileReference; lastKnownFileType = text.plist.strings; name = en; path = en.lproj/InfoPlist.strings; sourceTree = "<group>"; };
		14B5FC1C1575A671004DCC53 /* main.m */ = {isa = PBXFileReference; lastKnownFileType = sourcecode.c.objc; path = main.m; sourceTree = "<group>"; };
		14B5FC1E1575A671004DCC53 /* Top Places-Prefix.pch */ = {isa = PBXFileReference; lastKnownFileType = sourcecode.c.h; path = "Top Places-Prefix.pch"; sourceTree = "<group>"; };
		14B5FC1F1575A671004DCC53 /* TopPlacesAppDelegate.h */ = {isa = PBXFileReference; lastKnownFileType = sourcecode.c.h; path = TopPlacesAppDelegate.h; sourceTree = "<group>"; };
		14B5FC201575A671004DCC53 /* TopPlacesAppDelegate.m */ = {isa = PBXFileReference; lastKnownFileType = sourcecode.c.objc; path = TopPlacesAppDelegate.m; sourceTree = "<group>"; };
		14B5FC231575A671004DCC53 /* en */ = {isa = PBXFileReference; lastKnownFileType = file.storyboard; name = en; path = en.lproj/iPhone.storyboard; sourceTree = "<group>"; };
		14B5FC261575A671004DCC53 /* en */ = {isa = PBXFileReference; lastKnownFileType = file.storyboard; name = en; path = en.lproj/iPad.storyboard; sourceTree = "<group>"; };
		D12A1BD2157659150084064B /* TopPlacesTableViewController.h */ = {isa = PBXFileReference; fileEncoding = 4; lastKnownFileType = sourcecode.c.h; path = TopPlacesTableViewController.h; sourceTree = "<group>"; };
		D12A1BD3157659150084064B /* TopPlacesTableViewController.m */ = {isa = PBXFileReference; fileEncoding = 4; lastKnownFileType = sourcecode.c.objc; path = TopPlacesTableViewController.m; sourceTree = "<group>"; };
		D12A1BD51576597D0084064B /* RecentTableViewController.h */ = {isa = PBXFileReference; fileEncoding = 4; lastKnownFileType = sourcecode.c.h; path = RecentTableViewController.h; sourceTree = "<group>"; };
		D12A1BD61576597D0084064B /* RecentTableViewController.m */ = {isa = PBXFileReference; fileEncoding = 4; lastKnownFileType = sourcecode.c.objc; path = RecentTableViewController.m; sourceTree = "<group>"; };
		D12A1BE9157678E50084064B /* PlacePhotosTableViewController.h */ = {isa = PBXFileReference; fileEncoding = 4; lastKnownFileType = sourcecode.c.h; path = PlacePhotosTableViewController.h; sourceTree = "<group>"; };
		D12A1BEA157678E50084064B /* PlacePhotosTableViewController.m */ = {isa = PBXFileReference; fileEncoding = 4; lastKnownFileType = sourcecode.c.objc; path = PlacePhotosTableViewController.m; sourceTree = "<group>"; };
		D12A1BF41576B0560084064B /* FlickrPhotoViewController.h */ = {isa = PBXFileReference; fileEncoding = 4; lastKnownFileType = sourcecode.c.h; path = FlickrPhotoViewController.h; sourceTree = "<group>"; };
		D12A1BF51576B0560084064B /* FlickrPhotoViewController.m */ = {isa = PBXFileReference; fileEncoding = 4; lastKnownFileType = sourcecode.c.objc; path = FlickrPhotoViewController.m; sourceTree = "<group>"; };
		D17261FE15780BE800A3CC92 /* SplitViewBarButtonItemPresenter.h */ = {isa = PBXFileReference; fileEncoding = 4; lastKnownFileType = sourcecode.c.h; path = SplitViewBarButtonItemPresenter.h; sourceTree = "<group>"; };
/* End PBXFileReference section */

/* Begin PBXFrameworksBuildPhase section */
		14B5FC091575A671004DCC53 /* Frameworks */ = {
			isa = PBXFrameworksBuildPhase;
			buildActionMask = 2147483647;
			files = (
				14B5FC111575A671004DCC53 /* UIKit.framework in Frameworks */,
				14B5FC131575A671004DCC53 /* Foundation.framework in Frameworks */,
				14B5FC151575A671004DCC53 /* CoreGraphics.framework in Frameworks */,
			);
			runOnlyForDeploymentPostprocessing = 0;
		};
/* End PBXFrameworksBuildPhase section */

/* Begin PBXGroup section */
		14B5FC011575A671004DCC53 = {
			isa = PBXGroup;
			children = (
				14B5FC161575A671004DCC53 /* Top Places */,
				14B5FC0F1575A671004DCC53 /* Frameworks */,
				14B5FC0D1575A671004DCC53 /* Products */,
			);
			sourceTree = "<group>";
		};
		14B5FC0D1575A671004DCC53 /* Products */ = {
			isa = PBXGroup;
			children = (
				14B5FC0C1575A671004DCC53 /* Top Places.app */,
			);
			name = Products;
			sourceTree = "<group>";
		};
		14B5FC0F1575A671004DCC53 /* Frameworks */ = {
			isa = PBXGroup;
			children = (
				14B5FC101575A671004DCC53 /* UIKit.framework */,
				14B5FC121575A671004DCC53 /* Foundation.framework */,
				14B5FC141575A671004DCC53 /* CoreGraphics.framework */,
			);
			name = Frameworks;
			sourceTree = "<group>";
		};
		14B5FC161575A671004DCC53 /* Top Places */ = {
			isa = PBXGroup;
			children = (
				D17261FE15780BE800A3CC92 /* SplitViewBarButtonItemPresenter.h */,
				14B5FC221575A671004DCC53 /* iPhone.storyboard */,
				14B5FC251575A671004DCC53 /* iPad.storyboard */,
				14B5FC1F1575A671004DCC53 /* TopPlacesAppDelegate.h */,
				14B5FC201575A671004DCC53 /* TopPlacesAppDelegate.m */,
				D12A1BD2157659150084064B /* TopPlacesTableViewController.h */,
				D12A1BD3157659150084064B /* TopPlacesTableViewController.m */,
				D12A1BF41576B0560084064B /* FlickrPhotoViewController.h */,
				D12A1BF51576B0560084064B /* FlickrPhotoViewController.m */,
				D12A1BE9157678E50084064B /* PlacePhotosTableViewController.h */,
				D12A1BEA157678E50084064B /* PlacePhotosTableViewController.m */,
				D12A1BD51576597D0084064B /* RecentTableViewController.h */,
				D12A1BD61576597D0084064B /* RecentTableViewController.m */,
				14638D621575AF4E00D2CB4B /* FlickrAPIKey.h */,
				14638D631575AF4E00D2CB4B /* FlickrFetcher.h */,
				14638D641575AF4E00D2CB4B /* FlickrFetcher.m */,
				14638D5E1575AED700D2CB4B /* 11-clock.png */,
				14638D601575AEEF00D2CB4B /* 103-map.png */,
				14B5FC171575A671004DCC53 /* Supporting Files */,
			);
			path = "Top Places";
			sourceTree = "<group>";
		};
		14B5FC171575A671004DCC53 /* Supporting Files */ = {
			isa = PBXGroup;
			children = (
				14B5FC181575A671004DCC53 /* Top Places-Info.plist */,
				14B5FC191575A671004DCC53 /* InfoPlist.strings */,
				14B5FC1C1575A671004DCC53 /* main.m */,
				14B5FC1E1575A671004DCC53 /* Top Places-Prefix.pch */,
			);
			name = "Supporting Files";
			sourceTree = "<group>";
		};
/* End PBXGroup section */

/* Begin PBXNativeTarget section */
		14B5FC0B1575A671004DCC53 /* Top Places */ = {
			isa = PBXNativeTarget;
			buildConfigurationList = 14B5FC2D1575A671004DCC53 /* Build configuration list for PBXNativeTarget "Top Places" */;
			buildPhases = (
				14B5FC081575A671004DCC53 /* Sources */,
				14B5FC091575A671004DCC53 /* Frameworks */,
				14B5FC0A1575A671004DCC53 /* Resources */,
			);
			buildRules = (
			);
			dependencies = (
			);
			name = "Top Places";
			productName = "Top Places";
			productReference = 14B5FC0C1575A671004DCC53 /* Top Places.app */;
			productType = "com.apple.product-type.application";
		};
/* End PBXNativeTarget section */

/* Begin PBXProject section */
		14B5FC031575A671004DCC53 /* Project object */ = {
			isa = PBXProject;
			attributes = {
				CLASSPREFIX = TopPlaces;
				LastUpgradeCheck = 0430;
				ORGANIZATIONNAME = None;
			};
			buildConfigurationList = 14B5FC061575A671004DCC53 /* Build configuration list for PBXProject "Top Places" */;
			compatibilityVersion = "Xcode 3.2";
			developmentRegion = English;
			hasScannedForEncodings = 0;
			knownRegions = (
				en,
			);
			mainGroup = 14B5FC011575A671004DCC53;
			productRefGroup = 14B5FC0D1575A671004DCC53 /* Products */;
			projectDirPath = "";
			projectRoot = "";
			targets = (
				14B5FC0B1575A671004DCC53 /* Top Places */,
			);
		};
/* End PBXProject section */

/* Begin PBXResourcesBuildPhase section */
		14B5FC0A1575A671004DCC53 /* Resources */ = {
			isa = PBXResourcesBuildPhase;
			buildActionMask = 2147483647;
			files = (
				14B5FC1B1575A671004DCC53 /* InfoPlist.strings in Resources */,
				14B5FC241575A671004DCC53 /* iPhone.storyboard in Resources */,
				14B5FC271575A671004DCC53 /* iPad.storyboard in Resources */,
				14638D5F1575AED700D2CB4B /* 11-clock.png in Resources */,
				14638D611575AEEF00D2CB4B /* 103-map.png in Resources */,
			);
			runOnlyForDeploymentPostprocessing = 0;
		};
/* End PBXResourcesBuildPhase section */

/* Begin PBXSourcesBuildPhase section */
		14B5FC081575A671004DCC53 /* Sources */ = {
			isa = PBXSourcesBuildPhase;
			buildActionMask = 2147483647;
			files = (
				14B5FC1D1575A671004DCC53 /* main.m in Sources */,
				14B5FC211575A671004DCC53 /* TopPlacesAppDelegate.m in Sources */,
				D12A1BD4157659150084064B /* TopPlacesTableViewController.m in Sources */,
				D12A1BD71576597D0084064B /* RecentTableViewController.m in Sources */,
				D12A1BD8157661160084064B /* FlickrFetcher.m in Sources */,
				D12A1BEB157678E50084064B /* PlacePhotosTableViewController.m in Sources */,
				D12A1BF61576B0560084064B /* FlickrPhotoViewController.m in Sources */,
			);
			runOnlyForDeploymentPostprocessing = 0;
		};
/* End PBXSourcesBuildPhase section */

/* Begin PBXVariantGroup section */
		14B5FC191575A671004DCC53 /* InfoPlist.strings */ = {
			isa = PBXVariantGroup;
			children = (
				14B5FC1A1575A671004DCC53 /* en */,
			);
			name = InfoPlist.strings;
			sourceTree = "<group>";
		};
		14B5FC221575A671004DCC53 /* iPhone.storyboard */ = {
			isa = PBXVariantGroup;
			children = (
				14B5FC231575A671004DCC53 /* en */,
			);
			name = iPhone.storyboard;
			sourceTree = "<group>";
		};
		14B5FC251575A671004DCC53 /* iPad.storyboard */ = {
			isa = PBXVariantGroup;
			children = (
				14B5FC261575A671004DCC53 /* en */,
			);
			name = iPad.storyboard;
			sourceTree = "<group>";
		};
/* End PBXVariantGroup section */

/* Begin XCBuildConfiguration section */
		14B5FC2B1575A671004DCC53 /* Debug */ = {
			isa = XCBuildConfiguration;
			buildSettings = {
				ALWAYS_SEARCH_USER_PATHS = NO;
				ARCHS = "$(ARCHS_STANDARD_32_BIT)";
				CLANG_ENABLE_OBJC_ARC = YES;
				"CODE_SIGN_IDENTITY[sdk=iphoneos*]" = "iPhone Developer";
				COPY_PHASE_STRIP = NO;
				GCC_C_LANGUAGE_STANDARD = gnu99;
				GCC_DYNAMIC_NO_PIC = NO;
				GCC_OPTIMIZATION_LEVEL = 0;
				GCC_PREPROCESSOR_DEFINITIONS = (
					"DEBUG=1",
					"$(inherited)",
				);
				GCC_SYMBOLS_PRIVATE_EXTERN = NO;
				GCC_VERSION = com.apple.compilers.llvm.clang.1_0;
				GCC_WARN_ABOUT_RETURN_TYPE = YES;
				GCC_WARN_UNINITIALIZED_AUTOS = YES;
				GCC_WARN_UNUSED_VARIABLE = YES;
				IPHONEOS_DEPLOYMENT_TARGET = 5.1;
				SDKROOT = iphoneos;
				TARGETED_DEVICE_FAMILY = "1,2";
			};
			name = Debug;
		};
		14B5FC2C1575A671004DCC53 /* Release */ = {
			isa = XCBuildConfiguration;
			buildSettings = {
				ALWAYS_SEARCH_USER_PATHS = NO;
				ARCHS = "$(ARCHS_STANDARD_32_BIT)";
				CLANG_ENABLE_OBJC_ARC = YES;
				"CODE_SIGN_IDENTITY[sdk=iphoneos*]" = "iPhone Developer";
				COPY_PHASE_STRIP = YES;
				GCC_C_LANGUAGE_STANDARD = gnu99;
				GCC_VERSION = com.apple.compilers.llvm.clang.1_0;
				GCC_WARN_ABOUT_RETURN_TYPE = YES;
				GCC_WARN_UNINITIALIZED_AUTOS = YES;
				GCC_WARN_UNUSED_VARIABLE = YES;
				IPHONEOS_DEPLOYMENT_TARGET = 5.1;
				OTHER_CFLAGS = "-DNS_BLOCK_ASSERTIONS=1";
				SDKROOT = iphoneos;
				TARGETED_DEVICE_FAMILY = "1,2";
				VALIDATE_PRODUCT = YES;
			};
			name = Release;
		};
		14B5FC2E1575A671004DCC53 /* Debug */ = {
			isa = XCBuildConfiguration;
			buildSettings = {
				GCC_PRECOMPILE_PREFIX_HEADER = YES;
				GCC_PREFIX_HEADER = "Top Places/Top Places-Prefix.pch";
				INFOPLIST_FILE = "Top Places/Top Places-Info.plist";
				PRODUCT_NAME = "$(TARGET_NAME)";
				WRAPPER_EXTENSION = app;
			};
			name = Debug;
		};
		14B5FC2F1575A671004DCC53 /* Release */ = {
			isa = XCBuildConfiguration;
			buildSettings = {
				GCC_PRECOMPILE_PREFIX_HEADER = YES;
				GCC_PREFIX_HEADER = "Top Places/Top Places-Prefix.pch";
				INFOPLIST_FILE = "Top Places/Top Places-Info.plist";
				PRODUCT_NAME = "$(TARGET_NAME)";
				WRAPPER_EXTENSION = app;
			};
			name = Release;
		};
/* End XCBuildConfiguration section */

/* Begin XCConfigurationList section */
		14B5FC061575A671004DCC53 /* Build configuration list for PBXProject "Top Places" */ = {
			isa = XCConfigurationList;
			buildConfigurations = (
				14B5FC2B1575A671004DCC53 /* Debug */,
				14B5FC2C1575A671004DCC53 /* Release */,
			);
			defaultConfigurationIsVisible = 0;
			defaultConfigurationName = Release;
		};
		14B5FC2D1575A671004DCC53 /* Build configuration list for PBXNativeTarget "Top Places" */ = {
			isa = XCConfigurationList;
			buildConfigurations = (
				14B5FC2E1575A671004DCC53 /* Debug */,
				14B5FC2F1575A671004DCC53 /* Release */,
			);
			defaultConfigurationIsVisible = 0;
			defaultConfigurationName = Release;
		};
/* End XCConfigurationList section */
	};
	rootObject = 14B5FC031575A671004DCC53 /* Project object */;
}
